{
  "name": "event-bus",
  "version": "1.0.0",
  "lockfileVersion": 2,
  "requires": true,
  "packages": {
    "": {
      "name": "event-bus",
      "version": "1.0.0",
      "license": "ISC",
      "dependencies": {
        "js-event-bus": "^1.1.1"
      }
    },
    "node_modules/js-event-bus": {
      "version": "1.1.1",
      "resolved": "https://registry.npmjs.org/js-event-bus/-/js-event-bus-1.1.1.tgz",
      "integrity": "sha512-clZBV/Bzxw3sPB1ugeBANkPWw1noQWwa7MJAtiEXBfw3CH4wptA6Nh7+b9rqi1/z0tjo6t7wILrGGg3IHRAOPw=="
    }
  },
  "dependencies": {
    "js-event-bus": {
      "version": "1.1.1",
      "resolved": "https://registry.npmjs.org/js-event-bus/-/js-event-bus-1.1.1.tgz",
      "integrity": "sha512-clZBV/Bzxw3sPB1ugeBANkPWw1noQWwa7MJAtiEXBfw3CH4wptA6Nh7+b9rqi1/z0tjo6t7wILrGGg3IHRAOPw=="
    }
  }
}
